
Microsoft Visual Studio Solution File, Format Version 12.00
# Visual Studio Version 17
VisualStudioVersion = 17.8.34525.116
MinimumVisualStudioVersion = 10.0.40219.1
Project("{8BC9CEB8-8B4A-11D0-8D11-00A0C91BC942}") = "TimerToVideomem", "TimerToVideomem\TimerToVideomem.vcxproj", "{567B57C9-732A-4447-AF61-6DC50246AB51}"
EndProject
Global
	GlobalSection(SolutionConfigurationPlatforms) = preSolution
		Release|x64 = Release|x64
	EndGlobalSection
	GlobalSection(ProjectConfigurationPlatforms) = postSolution
		{567B57C9-732A-4447-AF61-6DC50246AB51}.Release|x64.ActiveCfg = Release|x64
		{567B57C9-732A-4447-AF61-6DC50246AB51}.Release|x64.Build.0 = Release|x64
	EndGlobalSection
	GlobalSection(SolutionProperties) = preSolution
		HideSolutionNode = FALSE
	EndGlobalSection
	GlobalSection(ExtensibilityGlobals) = postSolution
		SolutionGuid = {059EF639-EF0A-4CDF-B327-7E7B1E1882E2}
	EndGlobalSection
EndGlobal
